
Microsoft Visual Studio Solution File, Format Version 12.00
# Visual Studio Version 16
VisualStudioVersion = 16.0.29519.181
MinimumVisualStudioVersion = 10.0.40219.1
Project("{FAE04EC0-301F-11D3-BF4B-00C04F79EFBC}") = "ApP 25", "ApP 25\ApP 25.csproj", "{D2CFEF3D-78CB-42A9-80E6-592B13759DCF}"
EndProject
Global
	GlobalSection(SolutionConfigurationPlatforms) = preSolution
		Debug|Any CPU = Debug|Any CPU
		Release|Any CPU = Release|Any CPU
	EndGlobalSection
	GlobalSection(ProjectConfigurationPlatforms) = postSolution
		{D2CFEF3D-78CB-42A9-80E6-592B13759DCF}.Debug|Any CPU.ActiveCfg = Debug|Any CPU
		{D2CFEF3D-78CB-42A9-80E6-592B13759DCF}.Debug|Any CPU.Build.0 = Debug|Any CPU
		{D2CFEF3D-78CB-42A9-80E6-592B13759DCF}.Release|Any CPU.ActiveCfg = Release|Any CPU
		{D2CFEF3D-78CB-42A9-80E6-592B13759DCF}.Release|Any CPU.Build.0 = Release|Any CPU
	EndGlobalSection
	GlobalSection(SolutionProperties) = preSolution
		HideSolutionNode = FALSE
	EndGlobalSection
	GlobalSection(ExtensibilityGlobals) = postSolution
		SolutionGuid = {3909DC57-A6E8-423B-9FC3-6D0E051317B9}
	EndGlobalSection
EndGlobal
