
Microsoft Visual Studio Solution File, Format Version 12.00
# Visual Studio Version 16
VisualStudioVersion = 16.0.29519.181
MinimumVisualStudioVersion = 10.0.40219.1
Project("{FAE04EC0-301F-11D3-BF4B-00C04F79EFBC}") = "App3", "App3\App3.csproj", "{84EB3D9B-D730-4213-9399-FC26A7E02EA0}"
EndProject
Global
	GlobalSection(SolutionConfigurationPlatforms) = preSolution
		Debug|Any CPU = Debug|Any CPU
		Release|Any CPU = Release|Any CPU
	EndGlobalSection
	GlobalSection(ProjectConfigurationPlatforms) = postSolution
		{84EB3D9B-D730-4213-9399-FC26A7E02EA0}.Debug|Any CPU.ActiveCfg = Debug|Any CPU
		{84EB3D9B-D730-4213-9399-FC26A7E02EA0}.Debug|Any CPU.Build.0 = Debug|Any CPU
		{84EB3D9B-D730-4213-9399-FC26A7E02EA0}.Release|Any CPU.ActiveCfg = Release|Any CPU
		{84EB3D9B-D730-4213-9399-FC26A7E02EA0}.Release|Any CPU.Build.0 = Release|Any CPU
	EndGlobalSection
	GlobalSection(SolutionProperties) = preSolution
		HideSolutionNode = FALSE
	EndGlobalSection
	GlobalSection(ExtensibilityGlobals) = postSolution
		SolutionGuid = {89D8AC80-21FE-4956-B24D-96199B58B39C}
	EndGlobalSection
EndGlobal
