
Microsoft Visual Studio Solution File, Format Version 12.00
# Visual Studio Version 16
VisualStudioVersion = 16.0.29519.181
MinimumVisualStudioVersion = 10.0.40219.1
Project("{FAE04EC0-301F-11D3-BF4B-00C04F79EFBC}") = "APP 21", "APP 21\APP 21.csproj", "{70585A01-71C1-4D2E-866D-D0CD348E1F9F}"
EndProject
Global
	GlobalSection(SolutionConfigurationPlatforms) = preSolution
		Debug|Any CPU = Debug|Any CPU
		Release|Any CPU = Release|Any CPU
	EndGlobalSection
	GlobalSection(ProjectConfigurationPlatforms) = postSolution
		{70585A01-71C1-4D2E-866D-D0CD348E1F9F}.Debug|Any CPU.ActiveCfg = Debug|Any CPU
		{70585A01-71C1-4D2E-866D-D0CD348E1F9F}.Debug|Any CPU.Build.0 = Debug|Any CPU
		{70585A01-71C1-4D2E-866D-D0CD348E1F9F}.Release|Any CPU.ActiveCfg = Release|Any CPU
		{70585A01-71C1-4D2E-866D-D0CD348E1F9F}.Release|Any CPU.Build.0 = Release|Any CPU
	EndGlobalSection
	GlobalSection(SolutionProperties) = preSolution
		HideSolutionNode = FALSE
	EndGlobalSection
	GlobalSection(ExtensibilityGlobals) = postSolution
		SolutionGuid = {98E20F1A-EAE6-47F9-A699-FBC7C84A7FF0}
	EndGlobalSection
EndGlobal
