
Microsoft Visual Studio Solution File, Format Version 12.00
# Visual Studio Version 16
VisualStudioVersion = 16.0.29519.181
MinimumVisualStudioVersion = 10.0.40219.1
Project("{FAE04EC0-301F-11D3-BF4B-00C04F79EFBC}") = "App 16", "App 16\App 16.csproj", "{36F2C446-152A-4E5D-AE05-9150D47BF49F}"
EndProject
Global
	GlobalSection(SolutionConfigurationPlatforms) = preSolution
		Debug|Any CPU = Debug|Any CPU
		Release|Any CPU = Release|Any CPU
	EndGlobalSection
	GlobalSection(ProjectConfigurationPlatforms) = postSolution
		{36F2C446-152A-4E5D-AE05-9150D47BF49F}.Debug|Any CPU.ActiveCfg = Debug|Any CPU
		{36F2C446-152A-4E5D-AE05-9150D47BF49F}.Debug|Any CPU.Build.0 = Debug|Any CPU
		{36F2C446-152A-4E5D-AE05-9150D47BF49F}.Release|Any CPU.ActiveCfg = Release|Any CPU
		{36F2C446-152A-4E5D-AE05-9150D47BF49F}.Release|Any CPU.Build.0 = Release|Any CPU
	EndGlobalSection
	GlobalSection(SolutionProperties) = preSolution
		HideSolutionNode = FALSE
	EndGlobalSection
	GlobalSection(ExtensibilityGlobals) = postSolution
		SolutionGuid = {832FD41A-ABCD-49CF-8108-D434BC96FBF3}
	EndGlobalSection
EndGlobal
